
Microsoft Visual Studio Solution File, Format Version 12.00
# Visual Studio 15
VisualStudioVersion = 15.0.27703.2035
MinimumVisualStudioVersion = 10.0.40219.1
Project("{9A19103F-16F7-4668-BE54-9A1E7A4F7556}") = "AspNetCoreSampleApplication", "src\AspNetCoreSampleApplication\AspNetCoreSampleApplication.csproj", "{5F33EB59-317C-4E1E-BD63-2E3DF9384570}"
EndProject
Project("{9A19103F-16F7-4668-BE54-9A1E7A4F7556}") = "SampleLibrary", "src\SampleLibrary\SampleLibrary.csproj", "{9EAE7C9D-1954-4C45-BD6D-28146E25A3D4}"
EndProject
Project("{2150E333-8FDC-42A3-9474-1A3956D46DE8}") = "Tests", "Tests", "{4147ABC6-26E2-4DF4-888D-60569F75CCDA}"
EndProject
Project("{FAE04EC0-301F-11D3-BF4B-00C04F79EFBC}") = "SampleUnitTests", "tests/SampleUnitTests\SampleUnitTests.csproj", "{DA244F34-AC43-4F6A-BFD0-189A92C65996}"
EndProject
Global
	GlobalSection(SolutionConfigurationPlatforms) = preSolution
		Debug|Any CPU = Debug|Any CPU
		Release|Any CPU = Release|Any CPU
	EndGlobalSection
	GlobalSection(ProjectConfigurationPlatforms) = postSolution
		{5F33EB59-317C-4E1E-BD63-2E3DF9384570}.Debug|Any CPU.ActiveCfg = Debug|Any CPU
		{5F33EB59-317C-4E1E-BD63-2E3DF9384570}.Debug|Any CPU.Build.0 = Debug|Any CPU
		{5F33EB59-317C-4E1E-BD63-2E3DF9384570}.Release|Any CPU.ActiveCfg = Release|Any CPU
		{5F33EB59-317C-4E1E-BD63-2E3DF9384570}.Release|Any CPU.Build.0 = Release|Any CPU
		{9EAE7C9D-1954-4C45-BD6D-28146E25A3D4}.Debug|Any CPU.ActiveCfg = Debug|Any CPU
		{9EAE7C9D-1954-4C45-BD6D-28146E25A3D4}.Debug|Any CPU.Build.0 = Debug|Any CPU
		{9EAE7C9D-1954-4C45-BD6D-28146E25A3D4}.Release|Any CPU.ActiveCfg = Release|Any CPU
		{9EAE7C9D-1954-4C45-BD6D-28146E25A3D4}.Release|Any CPU.Build.0 = Release|Any CPU
		{DA244F34-AC43-4F6A-BFD0-189A92C65996}.Debug|Any CPU.ActiveCfg = Debug|Any CPU
		{DA244F34-AC43-4F6A-BFD0-189A92C65996}.Debug|Any CPU.Build.0 = Debug|Any CPU
		{DA244F34-AC43-4F6A-BFD0-189A92C65996}.Release|Any CPU.ActiveCfg = Release|Any CPU
		{DA244F34-AC43-4F6A-BFD0-189A92C65996}.Release|Any CPU.Build.0 = Release|Any CPU
	EndGlobalSection
	GlobalSection(SolutionProperties) = preSolution
		HideSolutionNode = FALSE
	EndGlobalSection
	GlobalSection(NestedProjects) = preSolution
		{DA244F34-AC43-4F6A-BFD0-189A92C65996} = {4147ABC6-26E2-4DF4-888D-60569F75CCDA}
	EndGlobalSection
	GlobalSection(ExtensibilityGlobals) = postSolution
		SolutionGuid = {5FF2F20C-E32A-463E-82A3-03D7D982E785}
	EndGlobalSection
EndGlobal
